
Microsoft Visual Studio Solution File, Format Version 12.00
# Visual Studio 15
Project("{FAE04EC0-301F-11D3-BF4B-00C04F79EFBC}") = "CarGaugesApiTests", "CarGaugesApiTests.csproj", "{11CF9B1E-9370-49A9-ACD3-C897F3D6B02B}"
EndProject
Global
	GlobalSection(SolutionConfigurationPlatforms) = preSolution
		Debug|Any CPU = Debug|Any CPU
		Release|Any CPU = Release|Any CPU
	EndGlobalSection
	GlobalSection(ProjectConfigurationPlatforms) = postSolution
		{11CF9B1E-9370-49A9-ACD3-C897F3D6B02B}.Debug|Any CPU.ActiveCfg = Debug|Any CPU
		{11CF9B1E-9370-49A9-ACD3-C897F3D6B02B}.Debug|Any CPU.Build.0 = Debug|Any CPU
		{11CF9B1E-9370-49A9-ACD3-C897F3D6B02B}.Release|Any CPU.ActiveCfg = Release|Any CPU
		{11CF9B1E-9370-49A9-ACD3-C897F3D6B02B}.Release|Any CPU.Build.0 = Release|Any CPU
	EndGlobalSection
EndGlobal
